# This file is autogenerated, do not edit; changes may be undone by the next 'dep ensure'.


[[projects]]
  name = "github.com/sgreben/sshtunnel"
  packages = ["."]
  revision = "46fb1150c9441880ddf7939ef364f3a95418e2e4"
  version = "0.0.3"

[[projects]]
  branch = "master"
  name = "golang.org/x/crypto"
  packages = ["curve25519","ed25519","ed25519/internal/edwards25519","internal/chacha20","internal/subtle","poly1305","ssh","ssh/agent"]
  revision = "505ab145d0a99da450461ae2c1a9f6cd10d1f447"

[[projects]]
  name = "gopkg.in/yaml.v2"
  packages = ["."]
  revision = "51d6538a90f86fe93ac480b35f37b2be17fef232"
  version = "v2.2.2"

[solve-meta]
  analyzer-name = "dep"
  analyzer-version = 1
  inputs-digest = "f13d5f9ac49e7cfe577660f6cc8dcd012f9434ca634e5f038ceaac49f3b14640"
  solver-name = "gps-cdcl"
  solver-version = 1
